<?xml version="1.0" encoding="utf-8"?>
<Project ToolsVersion="4.0" xmlns="http://schemas.microsoft.com/developer/msbuild/2003">
  <ItemGroup>
    <Filter Include="源文件">
      <UniqueIdentifier>{4FC737F1-C7A5-4376-A066-2A32D752A2FF}</UniqueIdentifier>
      <Extensions>cpp;c;cc;cxx;def;odl;idl;hpj;bat;asm;asmx</Extensions>
    </Filter>
    <Filter Include="头文件">
      <UniqueIdentifier>{93995380-89BD-4b04-88EB-625FBE52EBFB}</UniqueIdentifier>
      <Extensions>h;hpp;hxx;hm;inl;inc;xsd</Extensions>
    </Filter>
    <Filter Include="资源文件">
      <UniqueIdentifier>{67DA6AB6-F800-4c08-8B7A-83BB121AAD01}</UniqueIdentifier>
      <Extensions>rc;ico;cur;bmp;dlg;rc2;rct;bin;rgs;gif;jpg;jpeg;jpe;resx;tiff;tif;png;wav</Extensions>
    </Filter>
  </ItemGroup>
  <ItemGroup>
    <ClCompile Include="..\rspfEsriShapeFileFilter.cpp">
      <Filter>源文件</Filter>
    </ClCompile>
    <ClCompile Include="..\rspfGdalDataset.cpp">
      <Filter>源文件</Filter>
    </ClCompile>
    <ClCompile Include="..\rspfGdalFactory.cpp">
      <Filter>源文件</Filter>
    </ClCompile>
    <ClCompile Include="..\rspfGdalImageWriterFactory.cpp">
      <Filter>源文件</Filter>
    </ClCompile>
    <ClCompile Include="..\rspfGdalInfoFactory.cpp">
      <Filter>源文件</Filter>
    </ClCompile>
    <ClCompile Include="..\rspfGdalObjectFactory.cpp">
      <Filter>源文件</Filter>
    </ClCompile>
    <ClCompile Include="..\rspfGdalOgrVectorAnnotation.cpp">
      <Filter>源文件</Filter>
    </ClCompile>
    <ClCompile Include="..\rspfGdalOverviewBuilder.cpp">
      <Filter>源文件</Filter>
    </ClCompile>
    <ClCompile Include="..\rspfGdalOverviewBuilderFactory.cpp">
      <Filter>源文件</Filter>
    </ClCompile>
    <ClCompile Include="..\rspfGdalPluginInit.cpp">
      <Filter>源文件</Filter>
    </ClCompile>
    <ClCompile Include="..\rspfGdalProjectionFactory.cpp">
      <Filter>源文件</Filter>
    </ClCompile>
    <ClCompile Include="..\rspfGdalTiledDataset.cpp">
      <Filter>源文件</Filter>
    </ClCompile>
    <ClCompile Include="..\rspfGdalTileSource.cpp">
      <Filter>源文件</Filter>
    </ClCompile>
    <ClCompile Include="..\rspfGdalType.cpp">
      <Filter>源文件</Filter>
    </ClCompile>
    <ClCompile Include="..\rspfGdalWriter.cpp">
      <Filter>源文件</Filter>
    </ClCompile>
    <ClCompile Include="..\rspfHdfInfo.cpp">
      <Filter>源文件</Filter>
    </ClCompile>
    <ClCompile Include="..\rspfHdfReader.cpp">
      <Filter>源文件</Filter>
    </ClCompile>
    <ClCompile Include="..\rspfOgcWktTranslator.cpp">
      <Filter>源文件</Filter>
    </ClCompile>
    <ClCompile Include="..\rspfOgrGdalTileSource.cpp">
      <Filter>源文件</Filter>
    </ClCompile>
    <ClCompile Include="..\rspfOgrInfo.cpp">
      <Filter>源文件</Filter>
    </ClCompile>
    <ClCompile Include="..\rspfOgrVectorTileSource.cpp">
      <Filter>源文件</Filter>
    </ClCompile>
    <ClCompile Include="..\rspfShapeDatabase.cpp">
      <Filter>源文件</Filter>
    </ClCompile>
    <ClCompile Include="..\rspfShapeFile.cpp">
      <Filter>源文件</Filter>
    </ClCompile>
  </ItemGroup>
  <ItemGroup>
    <ClInclude Include="..\rspfEsriShapeFileFilter.h">
      <Filter>头文件</Filter>
    </ClInclude>
    <ClInclude Include="..\rspfGdalDataset.h">
      <Filter>头文件</Filter>
    </ClInclude>
    <ClInclude Include="..\rspfGdalFactory.h">
      <Filter>头文件</Filter>
    </ClInclude>
    <ClInclude Include="..\rspfGdalImageWriterFactory.h">
      <Filter>头文件</Filter>
    </ClInclude>
    <ClInclude Include="..\rspfGdalInfoFactory.h">
      <Filter>头文件</Filter>
    </ClInclude>
    <ClInclude Include="..\rspfGdalObjectFactory.h">
      <Filter>头文件</Filter>
    </ClInclude>
    <ClInclude Include="..\rspfGdalOgrVectorAnnotation.h">
      <Filter>头文件</Filter>
    </ClInclude>
    <ClInclude Include="..\rspfGdalOverviewBuilder.h">
      <Filter>头文件</Filter>
    </ClInclude>
    <ClInclude Include="..\rspfGdalOverviewBuilderFactory.h">
      <Filter>头文件</Filter>
    </ClInclude>
    <ClInclude Include="..\rspfGdalProjectionFactory.h">
      <Filter>头文件</Filter>
    </ClInclude>
    <ClInclude Include="..\rspfGdalTiledDataset.h">
      <Filter>头文件</Filter>
    </ClInclude>
    <ClInclude Include="..\rspfGdalTileSource.h">
      <Filter>头文件</Filter>
    </ClInclude>
    <ClInclude Include="..\rspfGdalType.h">
      <Filter>头文件</Filter>
    </ClInclude>
    <ClInclude Include="..\rspfGdalWriter.h">
      <Filter>头文件</Filter>
    </ClInclude>
    <ClInclude Include="..\rspfHdfInfo.h">
      <Filter>头文件</Filter>
    </ClInclude>
    <ClInclude Include="..\rspfHdfReader.h">
      <Filter>头文件</Filter>
    </ClInclude>
    <ClInclude Include="..\rspfOgcWktTranslator.h">
      <Filter>头文件</Filter>
    </ClInclude>
    <ClInclude Include="..\rspfOgrGdalTileSource.h">
      <Filter>头文件</Filter>
    </ClInclude>
    <ClInclude Include="..\rspfOgrInfo.h">
      <Filter>头文件</Filter>
    </ClInclude>
    <ClInclude Include="..\rspfOgrVectorTileSource.h">
      <Filter>头文件</Filter>
    </ClInclude>
    <ClInclude Include="..\rspfShapeDatabase.h">
      <Filter>头文件</Filter>
    </ClInclude>
    <ClInclude Include="..\rspfShapeFile.h">
      <Filter>头文件</Filter>
    </ClInclude>
    <ClInclude Include="..\shapefil.h">
      <Filter>头文件</Filter>
    </ClInclude>
  </ItemGroup>
</Project>