<?xml version="1.0" encoding="utf-8"?>
<Project ToolsVersion="4.0" xmlns="http://schemas.microsoft.com/developer/msbuild/2003">
  <ItemGroup>
    <Filter Include="Source Files">
      <UniqueIdentifier>{4FC737F1-C7A5-4376-A066-2A32D752A2FF}</UniqueIdentifier>
      <Extensions>cpp;c;cxx;def;odl;idl;hpj;bat;asm;asmx</Extensions>
    </Filter>
    <Filter Include="Header Files">
      <UniqueIdentifier>{93995380-89BD-4b04-88EB-625FBE52EBFB}</UniqueIdentifier>
      <Extensions>h;hpp;hxx;hm;inl;inc;xsd</Extensions>
    </Filter>
    <Filter Include="Resource Files">
      <UniqueIdentifier>{67DA6AB6-F800-4c08-8B7A-83BB121AAD01}</UniqueIdentifier>
      <Extensions>rc;ico;cur;bmp;dlg;rc2;rct;bin;rgs;gif;jpg;jpeg;jpe;resx</Extensions>
    </Filter>
  </ItemGroup>
  <ItemGroup>
    <ClCompile Include="rspfChipMatch.cpp">
      <Filter>Source Files</Filter>
    </ClCompile>
    <ClCompile Include="rspfDensityReducer.cpp">
      <Filter>Source Files</Filter>
    </ClCompile>
    <ClCompile Include="rspfExtremaFilter.cpp">
      <Filter>Source Files</Filter>
    </ClCompile>
    <ClCompile Include="rspfHarrisCorners.cpp">
      <Filter>Source Files</Filter>
    </ClCompile>
    <ClCompile Include="rspfImageCorrelator.cpp">
      <Filter>Source Files</Filter>
    </ClCompile>
    <ClCompile Include="rspfModelOptimizer.cpp">
      <Filter>Source Files</Filter>
    </ClCompile>
    <ClCompile Include="rspfMultiplier.cpp">
      <Filter>Source Files</Filter>
    </ClCompile>
    <ClCompile Include="rspfNCC_FFTW.cpp">
      <Filter>Source Files</Filter>
    </ClCompile>
    <ClCompile Include="rspfOutlierRejection.cpp">
      <Filter>Source Files</Filter>
    </ClCompile>
    <ClCompile Include="rspfRegistrationImageSourceFactory.cpp">
      <Filter>Source Files</Filter>
    </ClCompile>
    <ClCompile Include="rspfRegistrationMiscFactory.cpp">
      <Filter>Source Files</Filter>
    </ClCompile>
    <ClCompile Include="rspfRegistrationPluginInit.cpp">
      <Filter>Source Files</Filter>
    </ClCompile>
    <ClCompile Include="rspfRunningSum.cpp">
      <Filter>Source Files</Filter>
    </ClCompile>
    <ClCompile Include="rspfSquareFunction.cpp">
      <Filter>Source Files</Filter>
    </ClCompile>
    <ClCompile Include="rspfTieGenerator.cpp">
      <Filter>Source Files</Filter>
    </ClCompile>
  </ItemGroup>
  <ItemGroup>
    <ClInclude Include="rspfChipMatch.h">
      <Filter>Header Files</Filter>
    </ClInclude>
    <ClInclude Include="rspfDensityReducer.h">
      <Filter>Header Files</Filter>
    </ClInclude>
    <ClInclude Include="rspfExtremaFilter.h">
      <Filter>Header Files</Filter>
    </ClInclude>
    <ClInclude Include="rspfHarrisCorners.h">
      <Filter>Header Files</Filter>
    </ClInclude>
    <ClInclude Include="rspfImageCorrelator.h">
      <Filter>Header Files</Filter>
    </ClInclude>
    <ClInclude Include="rspfModelOptimizer.h">
      <Filter>Header Files</Filter>
    </ClInclude>
    <ClInclude Include="rspfMultiplier.h">
      <Filter>Header Files</Filter>
    </ClInclude>
    <ClInclude Include="rspfNCC_FFTW.h">
      <Filter>Header Files</Filter>
    </ClInclude>
    <ClInclude Include="rspfOutlierRejection.h">
      <Filter>Header Files</Filter>
    </ClInclude>
    <ClInclude Include="rspfRegistrationExports.h">
      <Filter>Header Files</Filter>
    </ClInclude>
    <ClInclude Include="rspfRegistrationImageSourceFactory.h">
      <Filter>Header Files</Filter>
    </ClInclude>
    <ClInclude Include="rspfRegistrationMiscFactory.h">
      <Filter>Header Files</Filter>
    </ClInclude>
    <ClInclude Include="rspfRunningSum.h">
      <Filter>Header Files</Filter>
    </ClInclude>
    <ClInclude Include="rspfSquareFunction.h">
      <Filter>Header Files</Filter>
    </ClInclude>
    <ClInclude Include="rspfTieGenerator.h">
      <Filter>Header Files</Filter>
    </ClInclude>
    <ClInclude Include="..\opencv-rspf\plugin\rspfPluginConstants.h">
      <Filter>Header Files</Filter>
    </ClInclude>
  </ItemGroup>
</Project>