<?xml version="1.0" encoding="utf-8"?>
<Project ToolsVersion="4.0" xmlns="http://schemas.microsoft.com/developer/msbuild/2003">
  <ItemGroup>
    <Filter Include="Source Files">
      <UniqueIdentifier>{4FC737F1-C7A5-4376-A066-2A32D752A2FF}</UniqueIdentifier>
      <Extensions>cpp;c;cc;cxx;def;odl;idl;hpj;bat;asm;asmx</Extensions>
    </Filter>
    <Filter Include="Header Files">
      <UniqueIdentifier>{93995380-89BD-4b04-88EB-625FBE52EBFB}</UniqueIdentifier>
      <Extensions>h;hpp;hxx;hm;inl;inc;xsd</Extensions>
    </Filter>
    <Filter Include="Resource Files">
      <UniqueIdentifier>{67DA6AB6-F800-4c08-8B7A-83BB121AAD01}</UniqueIdentifier>
      <Extensions>rc;ico;cur;bmp;dlg;rc2;rct;bin;rgs;gif;jpg;jpeg;jpe;resx;tiff;tif;png;wav;mfcribbon-ms</Extensions>
    </Filter>
  </ItemGroup>
  <ItemGroup>
    <ClCompile Include="rspfOpenCVPluginFactory.cpp">
      <Filter>Source Files</Filter>
    </ClCompile>
    <ClCompile Include="rspfOpenCVPluginInit.cpp">
      <Filter>Source Files</Filter>
    </ClCompile>
    <ClCompile Include="rspfOpenCVPyrSegmentation.cpp">
      <Filter>Source Files</Filter>
    </ClCompile>
    <ClCompile Include="rspfOpenCVSmoothFilter.cpp">
      <Filter>Source Files</Filter>
    </ClCompile>
    <ClCompile Include="rspfOpenCVSobelFilter.cpp">
      <Filter>Source Files</Filter>
    </ClCompile>
    <ClCompile Include="rspfOpenCVSquaresFilter.cpp">
      <Filter>Source Files</Filter>
    </ClCompile>
    <ClCompile Include="rspfOpenCVStarFeatures.cpp">
      <Filter>Source Files</Filter>
    </ClCompile>
    <ClCompile Include="rspfOpenCVSURFFeatures.cpp">
      <Filter>Source Files</Filter>
    </ClCompile>
    <ClCompile Include="rspfOpenCVThresholdFilter.cpp">
      <Filter>Source Files</Filter>
    </ClCompile>
    <ClCompile Include="lsd.c">
      <Filter>Source Files</Filter>
    </ClCompile>
    <ClCompile Include="rspfOpenCVCannyFilter.cpp">
      <Filter>Source Files</Filter>
    </ClCompile>
    <ClCompile Include="rspfOpenCVDilateFilter.cpp">
      <Filter>Source Files</Filter>
    </ClCompile>
    <ClCompile Include="rspfOpenCVErodeFilter.cpp">
      <Filter>Source Files</Filter>
    </ClCompile>
    <ClCompile Include="rspfOpenCVGoodFeaturesToTrack.cpp">
      <Filter>Source Files</Filter>
    </ClCompile>
    <ClCompile Include="rspfOpenCVLaplaceFilter.cpp">
      <Filter>Source Files</Filter>
    </ClCompile>
    <ClCompile Include="rspfOpenCVLogPolarFilter.cpp">
      <Filter>Source Files</Filter>
    </ClCompile>
    <ClCompile Include="rspfOpenCVLsdFilter.cpp">
      <Filter>Source Files</Filter>
    </ClCompile>
  </ItemGroup>
  <ItemGroup>
    <ClInclude Include="lsd.h">
      <Filter>Header Files</Filter>
    </ClInclude>
    <ClInclude Include="rspfOpenCVCannyFilter.h">
      <Filter>Header Files</Filter>
    </ClInclude>
    <ClInclude Include="rspfOpenCVDilateFilter.h">
      <Filter>Header Files</Filter>
    </ClInclude>
    <ClInclude Include="rspfOpenCVErodeFilter.h">
      <Filter>Header Files</Filter>
    </ClInclude>
    <ClInclude Include="rspfOpenCVGoodFeaturesToTrack.h">
      <Filter>Header Files</Filter>
    </ClInclude>
    <ClInclude Include="rspfOpenCVLaplaceFilter.h">
      <Filter>Header Files</Filter>
    </ClInclude>
    <ClInclude Include="rspfOpenCVLogPolarFilter.h">
      <Filter>Header Files</Filter>
    </ClInclude>
    <ClInclude Include="rspfOpenCVLsdFilter.h">
      <Filter>Header Files</Filter>
    </ClInclude>
    <ClInclude Include="rspfOpenCVPluginFactory.h">
      <Filter>Header Files</Filter>
    </ClInclude>
    <ClInclude Include="rspfOpenCVPyrSegmentation.h">
      <Filter>Header Files</Filter>
    </ClInclude>
    <ClInclude Include="rspfOpenCVSmoothFilter.h">
      <Filter>Header Files</Filter>
    </ClInclude>
    <ClInclude Include="rspfOpenCVSobelFilter.h">
      <Filter>Header Files</Filter>
    </ClInclude>
    <ClInclude Include="rspfOpenCVSquaresFilter.h">
      <Filter>Header Files</Filter>
    </ClInclude>
    <ClInclude Include="rspfOpenCVStarFeatures.h">
      <Filter>Header Files</Filter>
    </ClInclude>
    <ClInclude Include="rspfOpenCVSURFFeatures.h">
      <Filter>Header Files</Filter>
    </ClInclude>
    <ClInclude Include="rspfOpenCVThresholdFilter.h">
      <Filter>Header Files</Filter>
    </ClInclude>
    <ClInclude Include="..\rspfPluginConstants.h">
      <Filter>Header Files</Filter>
    </ClInclude>
  </ItemGroup>
</Project>